# THIS IS AN AUTOGENERATED FILE. DO NOT EDIT THIS FILE DIRECTLY.
# yarn lockfile v1


"@liskhq/lisk-codec@0.1.0-debug.1":
  version "0.1.0-debug.1"
  resolved "https://npm.lisk.io/@liskhq%2flisk-codec/-/lisk-codec-0.1.0-debug.1.tgz#d31e9ad576f327a4e1242da892c3979a986c4c10"
  integrity sha512-4hyK96O3+dJrWB3vZx8HLXwCJ5owW8/XBpCdSHaQ33amz7P+CucddXk9DpAbnBZ9YVaXTd/hwtz7bPOXdHd67Q==
  dependencies:
    "@liskhq/lisk-utils" "0.1.0-debug.1"
    "@liskhq/lisk-validator" "0.5.0-debug.1"

"@liskhq/lisk-cryptography@3.0.0-debug.1":
  version "3.0.0-debug.1"
  resolved "https://npm.lisk.io/@liskhq%2flisk-cryptography/-/lisk-cryptography-3.0.0-debug.1.tgz#e68c4d7087ccd5edb53fc83c0052c34bded68ee3"
  integrity sha512-bt6pC/9n1SAUk7eWDdYV/j+bJxzRqSXoOWOGwjbc0FHR/1G7EHLjT+VRn7h01ETsh+EKJylE36lSEDUuam5IXA==
  dependencies:
    buffer-reverse "1.0.1"
    ed2curve "0.3.0"
    tweetnacl "1.0.3"
    varuint-bitcoin "1.1.2"
  optionalDependencies:
    sodium-native "2.4.6"

"@liskhq/lisk-transactions@5.0.0-debug.1":
  version "5.0.0-debug.1"
  resolved "https://npm.lisk.io/@liskhq%2flisk-transactions/-/lisk-transactions-5.0.0-debug.1.tgz#bae8c7a213c403ac51dbaee7fc97789cb0fddc21"
  integrity sha512-96et13Cwozv79hrhSFMq+W8qwr2rL7fIRY88JMmccOhOoQkGL9pnRvFfG6k/vF4L9LDYHV8CndMC/fG39ioaDA==
  dependencies:
    "@liskhq/lisk-codec" "0.1.0-debug.1"
    "@liskhq/lisk-cryptography" "3.0.0-debug.1"
    "@liskhq/lisk-validator" "0.5.0-debug.1"

"@liskhq/lisk-utils@0.1.0-debug.1":
  version "0.1.0-debug.1"
  resolved "https://npm.lisk.io/@liskhq%2flisk-utils/-/lisk-utils-0.1.0-debug.1.tgz#23c1ece600ba49ea34269e5a74e96c9b53d861e2"
  integrity sha512-Mmk0UP1yLFM9KxAbTahPQ2pma/gpy2FQw8pATSrO9utziSqmKoPoFJcvEj0nzambAI8m+qsSWY2rQGQq2LdApQ==
  dependencies:
    lodash.clonedeep "4.5.0"

"@liskhq/lisk-validator@0.5.0-debug.1":
  version "0.5.0-debug.1"
  resolved "https://npm.lisk.io/@liskhq%2flisk-validator/-/lisk-validator-0.5.0-debug.1.tgz#c2851bea7e73e9aefb234bd0ac35769e0eb40d0f"
  integrity sha512-v+kIaLe1+wm/TUSTpe+QGOQsYUewn9PteG8TYdsOrfSYiJjfbAZcuDjVN7nq5AhMpiStqnHCxSuKTf4gNd2Ygg==
  dependencies:
    "@liskhq/lisk-cryptography" "3.0.0-debug.1"
    "@types/node" "12.12.11"
    "@types/semver" "7.1.0"
    "@types/validator" "12.0.1"
    ajv "6.12.0"
    debug "4.1.1"
    semver "7.1.3"
    validator "12.2.0"

"@types/node@*":
  version "14.6.1"
  resolved "https://npm.lisk.io/@types%2fnode/-/node-14.6.1.tgz#fdf6f6c6c73d3d8eee9c98a9a0485bc524b048d7"
  integrity sha512-HnYlg/BRF8uC1FyKRFZwRaCPTPYKa+6I8QiUZFLredaGOou481cgFS4wKRFyKvQtX8xudqkSdBczJHIYSQYKrQ==

"@types/node@12.12.11":
  version "12.12.11"
  resolved "https://registry.yarnpkg.com/@types/node/-/node-12.12.11.tgz#bec2961975888d964196bf0016a2f984d793d3ce"
  integrity sha512-O+x6uIpa6oMNTkPuHDa9MhMMehlxLAd5QcOvKRjAFsBVpeFWTOPnXbDvILvFgFFZfQ1xh1EZi1FbXxUix+zpsQ==

"@types/node@^8.0.9":
  version "8.10.62"
  resolved "https://npm.lisk.io/@types%2fnode/-/node-8.10.62.tgz#8d0d0db44a46ae7679d92e2e36d41bf1c3625d6a"
  integrity sha512-76fupxOYVxk36kb7O/6KtrAPZ9jnSK3+qisAX4tQMEuGNdlvl7ycwatlHqjoE6jHfVtXFM3pCrCixZOidc5cuw==

"@types/semver@7.1.0":
  version "7.1.0"
  resolved "https://npm.lisk.io/@types%2fsemver/-/semver-7.1.0.tgz#c8c630d4c18cd326beff77404887596f96408408"
  integrity sha512-pOKLaubrAEMUItGNpgwl0HMFPrSAFic8oSVIvfu1UwcgGNmNyK9gyhBHKmBnUTwwVvpZfkzUC0GaMgnL6P86uA==
  dependencies:
    "@types/node" "*"

"@types/validator@12.0.1":
  version "12.0.1"
  resolved "https://npm.lisk.io/@types%2fvalidator/-/validator-12.0.1.tgz#73dbc7f5f730ff7131754bca682824eb3c260b79"
  integrity sha512-l57fIANZLMe8DArz+SDb+7ATXnDm15P7u2wHBw5mb0aSMd+UuvmvhouBF2hdLgQPDMJ39sh9g2MJO4GkZ0VAdQ==

ajv@6.12.0:
  version "6.12.0"
  resolved "https://npm.lisk.io/ajv/-/ajv-6.12.0.tgz#06d60b96d87b8454a5adaba86e7854da629db4b7"
  integrity sha512-D6gFiFA0RRLyUbvijN74DWAjXSFxWKaWP7mldxkVhyhAV3+SWA9HEJPHQ2c9soIeTFJqcSdFDGFgdqs1iUU2Hw==
  dependencies:
    fast-deep-equal "^3.1.1"
    fast-json-stable-stringify "^2.0.0"
    json-schema-traverse "^0.4.1"
    uri-js "^4.2.2"

buffer-reverse@1.0.1:
  version "1.0.1"
  resolved "https://registry.yarnpkg.com/buffer-reverse/-/buffer-reverse-1.0.1.tgz#49283c8efa6f901bc01fa3304d06027971ae2f60"
  integrity sha1-SSg8jvpvkBvAH6MwTQYCeXGuL2A=

debug@4.1.1:
  version "4.1.1"
  resolved "https://npm.lisk.io/debug/-/debug-4.1.1.tgz#3b72260255109c6b589cee050f1d516139664791"
  integrity sha512-pYAIzeRo8J6KPEaJ0VWOh5Pzkbw/RetuzehGM7QRRX5he4fPHx2rdKMB256ehJCkX+XRQm16eZLqLNS8RSZXZw==
  dependencies:
    ms "^2.1.1"

ed2curve@0.3.0:
  version "0.3.0"
  resolved "https://npm.lisk.io/ed2curve/-/ed2curve-0.3.0.tgz#322b575152a45305429d546b071823a93129a05d"
  integrity sha512-8w2fmmq3hv9rCrcI7g9hms2pMunQr1JINfcjwR9tAyZqhtyaMN991lF/ZfHfr5tzZQ8c7y7aBgZbjfbd0fjFwQ==
  dependencies:
    tweetnacl "1.x.x"

encoding@^0.1.11:
  version "0.1.13"
  resolved "https://npm.lisk.io/encoding/-/encoding-0.1.13.tgz#56574afdd791f54a8e9b2785c0582a2d26210fa9"
  integrity sha512-ETBauow1T35Y/WZMkio9jiM0Z5xjHHmJ4XmjZOq1l/dXz3lr2sRn87nJy20RupqSh1F2m3HHPSp8ShIPQJrJ3A==
  dependencies:
    iconv-lite "^0.6.2"

fast-deep-equal@^3.1.1:
  version "3.1.3"
  resolved "https://npm.lisk.io/fast-deep-equal/-/fast-deep-equal-3.1.3.tgz#3a7d56b559d6cbc3eb512325244e619a65c6c525"
  integrity sha512-f3qQ9oQy9j2AhBe/H9VC91wLmKBCCU/gDOnKNAYG5hswO7BLKj09Hc5HYNz9cGI++xlpDCIgDaitVs03ATR84Q==

fast-json-stable-stringify@^2.0.0:
  version "2.1.0"
  resolved "https://registry.yarnpkg.com/fast-json-stable-stringify/-/fast-json-stable-stringify-2.1.0.tgz#874bf69c6f404c2b5d99c481341399fd55892633"
  integrity sha512-lhd/wF+Lk98HZoTCtlVraHtfh5XYijIjalXck7saUtuanSDyLMxnHhSXEDJqHxD7msR8D0uCmqlkwjCV8xvwHw==

iconv-lite@^0.6.2:
  version "0.6.2"
  resolved "https://npm.lisk.io/iconv-lite/-/iconv-lite-0.6.2.tgz#ce13d1875b0c3a674bd6a04b7f76b01b1b6ded01"
  integrity sha512-2y91h5OpQlolefMPmUlivelittSWy0rP+oYVpn6A7GwVHNE8AWzoYOBNmlwks3LobaJxgHCYZAnyNo2GgpNRNQ==
  dependencies:
    safer-buffer ">= 2.1.2 < 3.0.0"

ini@^1.3.5:
  version "1.3.5"
  resolved "https://registry.yarnpkg.com/ini/-/ini-1.3.5.tgz#eee25f56db1c9ec6085e0c22778083f596abf927"
  integrity sha512-RZY5huIKCMRWDUqZlEi72f/lmXKMvuszcMBduliQ3nnWbx9X/ZBQO7DijMEYS9EhHBb2qacRUMtC7svLwe0lcw==

is-stream@^1.0.1:
  version "1.1.0"
  resolved "https://npm.lisk.io/is-stream/-/is-stream-1.1.0.tgz#12d4a3dd4e68e0b79ceb8dbc84173ae80d91ca44"
  integrity sha1-EtSj3U5o4Lec6428hBc66A2RykQ=

json-schema-traverse@^0.4.1:
  version "0.4.1"
  resolved "https://registry.yarnpkg.com/json-schema-traverse/-/json-schema-traverse-0.4.1.tgz#69f6a87d9513ab8bb8fe63bdb0979c448e684660"
  integrity sha512-xbbCH5dCYU5T8LcEhhuh7HJ88HXuW3qsI3Y0zOZFKfZEHcpWiHU/Jxzk629Brsab/mMiHQti9wMP+845RPe3Vg==

lodash.clonedeep@4.5.0:
  version "4.5.0"
  resolved "https://npm.lisk.io/lodash.clonedeep/-/lodash.clonedeep-4.5.0.tgz#e23f3f9c4f8fbdde872529c1071857a086e5ccef"
  integrity sha1-4j8/nE+Pvd6HJSnBBxhXoIblzO8=

ms@^2.1.1:
  version "2.1.2"
  resolved "https://npm.lisk.io/ms/-/ms-2.1.2.tgz#d09d1f357b443f493382a8eb3ccd183872ae6009"
  integrity sha512-sGkPx+VjMtmA6MX27oA4FBFELFCZZ4S4XqeGOXCv68tT+jb3vk/RyaKWP0PTKyWtmLSM0b+adUTEvbs1PEaH2w==

nan@^2.14.0:
  version "2.14.0"
  resolved "https://registry.yarnpkg.com/nan/-/nan-2.14.0.tgz#7818f722027b2459a86f0295d434d1fc2336c52c"
  integrity sha512-INOFj37C7k3AfaNTtX8RhsTw7qRy7eLET14cROi9+5HAVbbHuIWUHEauBv5qT4Av2tWasiTY1Jw6puUNqRJXQg==

node-fetch@^1.0.1:
  version "1.7.3"
  resolved "https://npm.lisk.io/node-fetch/-/node-fetch-1.7.3.tgz#980f6f72d85211a5347c6b2bc18c5b84c3eb47ef"
  integrity sha512-NhZ4CsKx7cYm2vSrBAr2PvFOe6sWDf0UYLRqA6svUYg7+/TSfVAu49jYC4BvQ4Sms9SZgdqGBgroqfDhJdTyKQ==
  dependencies:
    encoding "^0.1.11"
    is-stream "^1.0.1"

node-gyp-build@^4.1.0:
  version "4.2.1"
  resolved "https://registry.yarnpkg.com/node-gyp-build/-/node-gyp-build-4.2.1.tgz#f28f0d3d3ab268d48ab76c6f446f19bc3d0db9dc"
  integrity sha512-XyCKXsqZfLqHep1hhsMncoXuUNt/cXCjg1+8CLbu69V1TKuPiOeSGbL9n+k/ByKH8UT0p4rdIX8XkTRZV0i7Sw==

portable-fetch@^3.0.0:
  version "3.0.0"
  resolved "https://npm.lisk.io/portable-fetch/-/portable-fetch-3.0.0.tgz#3cbf4aa6dbc5a5734b41c0419c9273313bfd9ad8"
  integrity sha1-PL9KptvFpXNLQcBBnJJzMTv9mtg=
  dependencies:
    node-fetch "^1.0.1"
    whatwg-fetch ">=0.10.0"

punycode@^2.1.0:
  version "2.1.1"
  resolved "https://registry.yarnpkg.com/punycode/-/punycode-2.1.1.tgz#b58b010ac40c22c5657616c8d2c2c02c7bf479ec"
  integrity sha512-XRsRjdf+j5ml+y/6GKHPZbrF/8p2Yga0JPtdqTIY2Xe5ohJPD9saDJJLPvp9+NSBprVvevdXZybnj2cv8OEd0A==

safe-buffer@^5.1.1:
  version "5.2.0"
  resolved "https://registry.yarnpkg.com/safe-buffer/-/safe-buffer-5.2.0.tgz#b74daec49b1148f88c64b68d49b1e815c1f2f519"
  integrity sha512-fZEwUGbVl7kouZs1jCdMLdt95hdIv0ZeHg6L7qPeciMZhZ+/gdesW4wgTARkrFWEpspjEATAzUGPG8N2jJiwbg==

"safer-buffer@>= 2.1.2 < 3.0.0":
  version "2.1.2"
  resolved "https://npm.lisk.io/safer-buffer/-/safer-buffer-2.1.2.tgz#44fa161b0187b9549dd84bb91802f9bd8385cd6a"
  integrity sha512-YZo3K82SD7Riyi0E1EQPojLz7kpepnSQI9IyPbHHg1XXXevb5dJI7tpyN2ADxGcQbHG7vcyRHk0cbwqcQriUtg==

semver@7.1.3:
  version "7.1.3"
  resolved "https://npm.lisk.io/semver/-/semver-7.1.3.tgz#e4345ce73071c53f336445cfc19efb1c311df2a6"
  integrity sha512-ekM0zfiA9SCBlsKa2X1hxyxiI4L3B6EbVJkkdgQXnSEEaHlGdvyodMruTiulSRWMMB4NeIuYNMC9rTKTz97GxA==

sodium-native@2.4.6:
  version "2.4.6"
  resolved "https://registry.yarnpkg.com/sodium-native/-/sodium-native-2.4.6.tgz#8a8173095e8cf4f997de393a2ba106c34870cac2"
  integrity sha512-Ro9lhTjot8M01nwKLXiqLSmjR7B8o+Wg4HmJUjEShw/q6XPlNMzjPkA1VJKaMH8SO8fJ/sggAKVwreTaFszS2Q==
  dependencies:
    ini "^1.3.5"
    nan "^2.14.0"
    node-gyp-build "^4.1.0"

tweetnacl@1.0.3, tweetnacl@1.x.x:
  version "1.0.3"
  resolved "https://npm.lisk.io/tweetnacl/-/tweetnacl-1.0.3.tgz#ac0af71680458d8a6378d0d0d050ab1407d35596"
  integrity sha512-6rt+RN7aOi1nGMyC4Xa5DdYiukl2UWCbcJft7YhxReBGQD7OAM8Pbxw6YMo4r2diNEA8FEmu32YOn9rhaiE5yw==

typescript@^2.0:
  version "2.9.2"
  resolved "https://npm.lisk.io/typescript/-/typescript-2.9.2.tgz#1cbf61d05d6b96269244eb6a3bce4bd914e0f00c"
  integrity sha512-Gr4p6nFNaoufRIY4NMdpQRNmgxVIGMs4Fcu/ujdYk3nAZqk7supzBE9idmvfZIlH/Cuj//dvi+019qEue9lV0w==

uri-js@^4.2.2:
  version "4.2.2"
  resolved "https://registry.yarnpkg.com/uri-js/-/uri-js-4.2.2.tgz#94c540e1ff772956e2299507c010aea6c8838eb0"
  integrity sha512-KY9Frmirql91X2Qgjry0Wd4Y+YTdrdZheS8TFwvkbLWf/G5KNJDCh6pKL5OZctEW4+0Baa5idK2ZQuELRwPznQ==
  dependencies:
    punycode "^2.1.0"

validator@12.2.0:
  version "12.2.0"
  resolved "https://npm.lisk.io/validator/-/validator-12.2.0.tgz#660d47e96267033fd070096c3b1a6f2db4380a0a"
  integrity sha512-jJfE/DW6tIK1Ek8nCfNFqt8Wb3nzMoAbocBF6/Icgg1ZFSBpObdnwVY2jQj6qUqzhx5jc71fpvBWyLGO7Xl+nQ==

varuint-bitcoin@1.1.2:
  version "1.1.2"
  resolved "https://npm.lisk.io/varuint-bitcoin/-/varuint-bitcoin-1.1.2.tgz#e76c138249d06138b480d4c5b40ef53693e24e92"
  integrity sha512-4EVb+w4rx+YfVM32HQX42AbbT7/1f5zwAYhIujKXKk8NQK+JfRVl3pqT3hjNn/L+RstigmGGKVwHA/P0wgITZw==
  dependencies:
    safe-buffer "^5.1.1"

whatwg-fetch@>=0.10.0:
  version "3.4.0"
  resolved "https://npm.lisk.io/whatwg-fetch/-/whatwg-fetch-3.4.0.tgz#e11de14f4878f773fbebcde8871b2c0699af8b30"
  integrity sha512-rsum2ulz2iuZH08mJkT0Yi6JnKhwdw4oeyMjokgxd+mmqYSd9cPpOQf01TIWgjxG/U4+QR+AwKq6lSbXVxkyoQ==
